// !$*UTF8*$!
{
	archiveVersion = 1;
	classes = {
	};
	objectVersion = 55;
	objects = {

/* Begin PBXBuildFile section */
		688895B8271AE3F5002102E7 /* AppDelegate.swift in Sources */ = {isa = PBXBuildFile; fileRef = 688895B7271AE3F5002102E7 /* AppDelegate.swift */; };
		688895BA271AE3F5002102E7 /* SceneDelegate.swift in Sources */ = {isa = PBXBuildFile; fileRef = 688895B9271AE3F5002102E7 /* SceneDelegate.swift */; };
		688895BC271AE3F5002102E7 /* ViewController.swift in Sources */ = {isa = PBXBuildFile; fileRef = 688895BB271AE3F5002102E7 /* ViewController.swift */; };
		688895BF271AE3F5002102E7 /* Main.storyboard in Resources */ = {isa = PBXBuildFile; fileRef = 688895BD271AE3F5002102E7 /* Main.storyboard */; };
		688895C1271AE3F6002102E7 /* Assets.xcassets in Resources */ = {isa = PBXBuildFile; fileRef = 688895C0271AE3F6002102E7 /* Assets.xcassets */; };
		688895C4271AE3F6002102E7 /* LaunchScreen.storyboard in Resources */ = {isa = PBXBuildFile; fileRef = 688895C2271AE3F6002102E7 /* LaunchScreen.storyboard */; };
		688895CC271B21D3002102E7 /* TaskViewController.swift in Sources */ = {isa = PBXBuildFile; fileRef = 688895CB271B21D3002102E7 /* TaskViewController.swift */; };
		688895D9271C9B18002102E7 /* TableViewCell.swift in Sources */ = {isa = PBXBuildFile; fileRef = 688895D7271C9B18002102E7 /* TableViewCell.swift */; };
		688895DA271C9B18002102E7 /* TableViewCell.xib in Resources */ = {isa = PBXBuildFile; fileRef = 688895D8271C9B18002102E7 /* TableViewCell.xib */; };
		688895DC271DA173002102E7 /* SettingViewController.swift in Sources */ = {isa = PBXBuildFile; fileRef = 688895DB271DA173002102E7 /* SettingViewController.swift */; };
		688895DE271EF38D002102E7 /* UIcolor.swift in Sources */ = {isa = PBXBuildFile; fileRef = 688895DD271EF38D002102E7 /* UIcolor.swift */; };
		688895E02723F924002102E7 /* UIimageExtension.swift in Sources */ = {isa = PBXBuildFile; fileRef = 688895DF2723F924002102E7 /* UIimageExtension.swift */; };
		688895E22724FFC8002102E7 /* TodoData.swift in Sources */ = {isa = PBXBuildFile; fileRef = 688895E12724FFC8002102E7 /* TodoData.swift */; };
		688895E4272527BC002102E7 /* TableViewController.swift in Sources */ = {isa = PBXBuildFile; fileRef = 688895E3272527BB002102E7 /* TableViewController.swift */; };
		688895E72725390A002102E7 /* ToDoTableViewCell.swift in Sources */ = {isa = PBXBuildFile; fileRef = 688895E527253909002102E7 /* ToDoTableViewCell.swift */; };
		688895E82725390A002102E7 /* ToDoTableViewCell.xib in Resources */ = {isa = PBXBuildFile; fileRef = 688895E62725390A002102E7 /* ToDoTableViewCell.xib */; };
		68A45FB62726E78900FF755A /* SignUp.storyboard in Resources */ = {isa = PBXBuildFile; fileRef = 68A45FB52726E78900FF755A /* SignUp.storyboard */; };
		68A45FB82726EBF700FF755A /* SignUpViewController.swift in Sources */ = {isa = PBXBuildFile; fileRef = 68A45FB72726EBF700FF755A /* SignUpViewController.swift */; };
		68A45FBA272707C900FF755A /* GoogleService-Info.plist in Resources */ = {isa = PBXBuildFile; fileRef = 68A45FB9272707C900FF755A /* GoogleService-Info.plist */; };
		68A45FBD272864CB00FF755A /* User.swift in Sources */ = {isa = PBXBuildFile; fileRef = 68A45FBC272864CB00FF755A /* User.swift */; };
		68A45FBF27290EB300FF755A /* UserList.storyboard in Resources */ = {isa = PBXBuildFile; fileRef = 68A45FBE27290EB300FF755A /* UserList.storyboard */; };
		68A45FC1272910C000FF755A /* UserListViewController.swift in Sources */ = {isa = PBXBuildFile; fileRef = 68A45FC0272910C000FF755A /* UserListViewController.swift */; };
		68A45FC32729F4CB00FF755A /* ChatRoom.swift in Sources */ = {isa = PBXBuildFile; fileRef = 68A45FC22729F4CA00FF755A /* ChatRoom.swift */; };
		68A45FC5272B548D00FF755A /* chatRoomStory.storyboard in Resources */ = {isa = PBXBuildFile; fileRef = 68A45FC4272B548C00FF755A /* chatRoomStory.storyboard */; };
		68A45FC7272B54A700FF755A /* ChatRoomStoryViewController.swift in Sources */ = {isa = PBXBuildFile; fileRef = 68A45FC6272B54A700FF755A /* ChatRoomStoryViewController.swift */; };
		68A45FC9272B624600FF755A /* ChatInputAccessoryView.xib in Resources */ = {isa = PBXBuildFile; fileRef = 68A45FC8272B624600FF755A /* ChatInputAccessoryView.xib */; };
		68A45FCC272B64A000FF755A /* ChatInputAccessoryView.swift in Sources */ = {isa = PBXBuildFile; fileRef = 68A45FCB272B64A000FF755A /* ChatInputAccessoryView.swift */; };
		68A45FCF272CB01600FF755A /* Message.swift in Sources */ = {isa = PBXBuildFile; fileRef = 68A45FCE272CB01600FF755A /* Message.swift */; };
		83BA6C0522C687BAC85FDAEF /* Pods_TodoListApp.framework in Frameworks */ = {isa = PBXBuildFile; fileRef = 4CFAA06CFF6C883CBDDABDDD /* Pods_TodoListApp.framework */; };
/* End PBXBuildFile section */

/* Begin PBXFileReference section */
		27815B50013CCBAD6DCDC6FA /* Pods-TodoListApp.debug.xcconfig */ = {isa = PBXFileReference; includeInIndex = 1; lastKnownFileType = text.xcconfig; name = "Pods-TodoListApp.debug.xcconfig"; path = "Target Support Files/Pods-TodoListApp/Pods-TodoListApp.debug.xcconfig"; sourceTree = "<group>"; };
		436C40CDBFC94E7C8FF086D5 /* Pods-TodoListApp.release.xcconfig */ = {isa = PBXFileReference; includeInIndex = 1; lastKnownFileType = text.xcconfig; name = "Pods-TodoListApp.release.xcconfig"; path = "Target Support Files/Pods-TodoListApp/Pods-TodoListApp.release.xcconfig"; sourceTree = "<group>"; };
		4CFAA06CFF6C883CBDDABDDD /* Pods_TodoListApp.framework */ = {isa = PBXFileReference; explicitFileType = wrapper.framework; includeInIndex = 0; path = Pods_TodoListApp.framework; sourceTree = BUILT_PRODUCTS_DIR; };
		688895B4271AE3F5002102E7 /* TodoListApp.app */ = {isa = PBXFileReference; explicitFileType = wrapper.application; includeInIndex = 0; path = TodoListApp.app; sourceTree = BUILT_PRODUCTS_DIR; };
		688895B7271AE3F5002102E7 /* AppDelegate.swift */ = {isa = PBXFileReference; lastKnownFileType = sourcecode.swift; path = AppDelegate.swift; sourceTree = "<group>"; };
		688895B9271AE3F5002102E7 /* SceneDelegate.swift */ = {isa = PBXFileReference; lastKnownFileType = sourcecode.swift; path = SceneDelegate.swift; sourceTree = "<group>"; };
		688895BB271AE3F5002102E7 /* ViewController.swift */ = {isa = PBXFileReference; lastKnownFileType = sourcecode.swift; path = ViewController.swift; sourceTree = "<group>"; };
		688895BE271AE3F5002102E7 /* Base */ = {isa = PBXFileReference; lastKnownFileType = file.storyboard; name = Base; path = Base.lproj/Main.storyboard; sourceTree = "<group>"; };
		688895C0271AE3F6002102E7 /* Assets.xcassets */ = {isa = PBXFileReference; lastKnownFileType = folder.assetcatalog; path = Assets.xcassets; sourceTree = "<group>"; };
		688895C3271AE3F6002102E7 /* Base */ = {isa = PBXFileReference; lastKnownFileType = file.storyboard; name = Base; path = Base.lproj/LaunchScreen.storyboard; sourceTree = "<group>"; };
		688895C5271AE3F6002102E7 /* Info.plist */ = {isa = PBXFileReference; lastKnownFileType = text.plist.xml; path = Info.plist; sourceTree = "<group>"; };
		688895CB271B21D3002102E7 /* TaskViewController.swift */ = {isa = PBXFileReference; lastKnownFileType = sourcecode.swift; path = TaskViewController.swift; sourceTree = "<group>"; };
		688895D7271C9B18002102E7 /* TableViewCell.swift */ = {isa = PBXFileReference; lastKnownFileType = sourcecode.swift; path = TableViewCell.swift; sourceTree = "<group>"; };
		688895D8271C9B18002102E7 /* TableViewCell.xib */ = {isa = PBXFileReference; lastKnownFileType = file.xib; path = TableViewCell.xib; sourceTree = "<group>"; };
		688895DB271DA173002102E7 /* SettingViewController.swift */ = {isa = PBXFileReference; lastKnownFileType = sourcecode.swift; path = SettingViewController.swift; sourceTree = "<group>"; };
		688895DD271EF38D002102E7 /* UIcolor.swift */ = {isa = PBXFileReference; lastKnownFileType = sourcecode.swift; path = UIcolor.swift; sourceTree = "<group>"; };
		688895DF2723F924002102E7 /* UIimageExtension.swift */ = {isa = PBXFileReference; lastKnownFileType = sourcecode.swift; path = UIimageExtension.swift; sourceTree = "<group>"; };
		688895E12724FFC8002102E7 /* TodoData.swift */ = {isa = PBXFileReference; lastKnownFileType = sourcecode.swift; path = TodoData.swift; sourceTree = "<group>"; };
		688895E3272527BB002102E7 /* TableViewController.swift */ = {isa = PBXFileReference; lastKnownFileType = sourcecode.swift; path = TableViewController.swift; sourceTree = "<group>"; };
		688895E527253909002102E7 /* ToDoTableViewCell.swift */ = {isa = PBXFileReference; lastKnownFileType = sourcecode.swift; path = ToDoTableViewCell.swift; sourceTree = "<group>"; };
		688895E62725390A002102E7 /* ToDoTableViewCell.xib */ = {isa = PBXFileReference; lastKnownFileType = file.xib; path = ToDoTableViewCell.xib; sourceTree = "<group>"; };
		68A45FB52726E78900FF755A /* SignUp.storyboard */ = {isa = PBXFileReference; lastKnownFileType = file.storyboard; path = SignUp.storyboard; sourceTree = "<group>"; };
		68A45FB72726EBF700FF755A /* SignUpViewController.swift */ = {isa = PBXFileReference; lastKnownFileType = sourcecode.swift; path = SignUpViewController.swift; sourceTree = "<group>"; };
		68A45FB9272707C900FF755A /* GoogleService-Info.plist */ = {isa = PBXFileReference; fileEncoding = 4; lastKnownFileType = text.plist.xml; path = "GoogleService-Info.plist"; sourceTree = "<group>"; };
		68A45FBC272864CB00FF755A /* User.swift */ = {isa = PBXFileReference; lastKnownFileType = sourcecode.swift; path = User.swift; sourceTree = "<group>"; };
		68A45FBE27290EB300FF755A /* UserList.storyboard */ = {isa = PBXFileReference; lastKnownFileType = file.storyboard; path = UserList.storyboard; sourceTree = "<group>"; };
		68A45FC0272910C000FF755A /* UserListViewController.swift */ = {isa = PBXFileReference; lastKnownFileType = sourcecode.swift; path = UserListViewController.swift; sourceTree = "<group>"; };
		68A45FC22729F4CA00FF755A /* ChatRoom.swift */ = {isa = PBXFileReference; lastKnownFileType = sourcecode.swift; path = ChatRoom.swift; sourceTree = "<group>"; };
		68A45FC4272B548C00FF755A /* chatRoomStory.storyboard */ = {isa = PBXFileReference; lastKnownFileType = file.storyboard; path = chatRoomStory.storyboard; sourceTree = "<group>"; };
		68A45FC6272B54A700FF755A /* ChatRoomStoryViewController.swift */ = {isa = PBXFileReference; lastKnownFileType = sourcecode.swift; path = ChatRoomStoryViewController.swift; sourceTree = "<group>"; };
		68A45FC8272B624600FF755A /* ChatInputAccessoryView.xib */ = {isa = PBXFileReference; lastKnownFileType = file.xib; path = ChatInputAccessoryView.xib; sourceTree = "<group>"; };
		68A45FCB272B64A000FF755A /* ChatInputAccessoryView.swift */ = {isa = PBXFileReference; lastKnownFileType = sourcecode.swift; path = ChatInputAccessoryView.swift; sourceTree = "<group>"; };
		68A45FCE272CB01600FF755A /* Message.swift */ = {isa = PBXFileReference; lastKnownFileType = sourcecode.swift; path = Message.swift; sourceTree = "<group>"; };
/* End PBXFileReference section */

/* Begin PBXFrameworksBuildPhase section */
		688895B1271AE3F5002102E7 /* Frameworks */ = {
			isa = PBXFrameworksBuildPhase;
			buildActionMask = 2147483647;
			files = (
				83BA6C0522C687BAC85FDAEF /* Pods_TodoListApp.framework in Frameworks */,
			);
			runOnlyForDeploymentPostprocessing = 0;
		};
/* End PBXFrameworksBuildPhase section */

/* Begin PBXGroup section */
		1C3D330FFEF3A0946A29754D /* Frameworks */ = {
			isa = PBXGroup;
			children = (
				4CFAA06CFF6C883CBDDABDDD /* Pods_TodoListApp.framework */,
			);
			name = Frameworks;
			sourceTree = "<group>";
		};
		688895AB271AE3F5002102E7 = {
			isa = PBXGroup;
			children = (
				688895B6271AE3F5002102E7 /* TodoListApp */,
				688895B5271AE3F5002102E7 /* Products */,
				86813378F09F2DB89102884D /* Pods */,
				1C3D330FFEF3A0946A29754D /* Frameworks */,
			);
			sourceTree = "<group>";
		};
		688895B5271AE3F5002102E7 /* Products */ = {
			isa = PBXGroup;
			children = (
				688895B4271AE3F5002102E7 /* TodoListApp.app */,
			);
			name = Products;
			sourceTree = "<group>";
		};
		688895B6271AE3F5002102E7 /* TodoListApp */ = {
			isa = PBXGroup;
			children = (
				68A45FCA272B644800FF755A /* extension */,
				68A45FBB272864A200FF755A /* Models */,
				688895B9271AE3F5002102E7 /* SceneDelegate.swift */,
				688895B7271AE3F5002102E7 /* AppDelegate.swift */,
				688895E12724FFC8002102E7 /* TodoData.swift */,
				688895BB271AE3F5002102E7 /* ViewController.swift */,
				688895CB271B21D3002102E7 /* TaskViewController.swift */,
				688895DB271DA173002102E7 /* SettingViewController.swift */,
				688895E3272527BB002102E7 /* TableViewController.swift */,
				68A45FC0272910C000FF755A /* UserListViewController.swift */,
				68A45FB72726EBF700FF755A /* SignUpViewController.swift */,
				688895D7271C9B18002102E7 /* TableViewCell.swift */,
				688895E527253909002102E7 /* ToDoTableViewCell.swift */,
				68A45FC6272B54A700FF755A /* ChatRoomStoryViewController.swift */,
				68A45FCB272B64A000FF755A /* ChatInputAccessoryView.swift */,
				688895BD271AE3F5002102E7 /* Main.storyboard */,
				68A45FB52726E78900FF755A /* SignUp.storyboard */,
				688895C2271AE3F6002102E7 /* LaunchScreen.storyboard */,
				688895D8271C9B18002102E7 /* TableViewCell.xib */,
				688895E62725390A002102E7 /* ToDoTableViewCell.xib */,
				68A45FBE27290EB300FF755A /* UserList.storyboard */,
				68A45FC4272B548C00FF755A /* chatRoomStory.storyboard */,
				68A45FC8272B624600FF755A /* ChatInputAccessoryView.xib */,
				688895C0271AE3F6002102E7 /* Assets.xcassets */,
				688895C5271AE3F6002102E7 /* Info.plist */,
				68A45FB9272707C900FF755A /* GoogleService-Info.plist */,
			);
			path = TodoListApp;
			sourceTree = "<group>";
		};
		68A45FBB272864A200FF755A /* Models */ = {
			isa = PBXGroup;
			children = (
				68A45FBC272864CB00FF755A /* User.swift */,
				68A45FC22729F4CA00FF755A /* ChatRoom.swift */,
				68A45FCE272CB01600FF755A /* Message.swift */,
			);
			path = Models;
			sourceTree = "<group>";
		};
		68A45FCA272B644800FF755A /* extension */ = {
			isa = PBXGroup;
			children = (
				688895DD271EF38D002102E7 /* UIcolor.swift */,
				688895DF2723F924002102E7 /* UIimageExtension.swift */,
			);
			path = extension;
			sourceTree = "<group>";
		};
		86813378F09F2DB89102884D /* Pods */ = {
			isa = PBXGroup;
			children = (
				27815B50013CCBAD6DCDC6FA /* Pods-TodoListApp.debug.xcconfig */,
				436C40CDBFC94E7C8FF086D5 /* Pods-TodoListApp.release.xcconfig */,
			);
			path = Pods;
			sourceTree = "<group>";
		};
/* End PBXGroup section */

/* Begin PBXNativeTarget section */
		688895B3271AE3F5002102E7 /* TodoListApp */ = {
			isa = PBXNativeTarget;
			buildConfigurationList = 688895C8271AE3F6002102E7 /* Build configuration list for PBXNativeTarget "TodoListApp" */;
			buildPhases = (
				F11A2C2AC3E380EF2A92E281 /* [CP] Check Pods Manifest.lock */,
				688895B0271AE3F5002102E7 /* Sources */,
				688895B1271AE3F5002102E7 /* Frameworks */,
				688895B2271AE3F5002102E7 /* Resources */,
				296C1D5E8BDAB5852C639913 /* [CP] Embed Pods Frameworks */,
			);
			buildRules = (
			);
			dependencies = (
			);
			name = TodoListApp;
			productName = TodoListApp;
			productReference = 688895B4271AE3F5002102E7 /* TodoListApp.app */;
			productType = "com.apple.product-type.application";
		};
/* End PBXNativeTarget section */

/* Begin PBXProject section */
		688895AC271AE3F5002102E7 /* Project object */ = {
			isa = PBXProject;
			attributes = {
				BuildIndependentTargetsInParallel = 1;
				LastSwiftUpdateCheck = 1300;
				LastUpgradeCheck = 1300;
				TargetAttributes = {
					688895B3271AE3F5002102E7 = {
						CreatedOnToolsVersion = 13.0;
					};
				};
			};
			buildConfigurationList = 688895AF271AE3F5002102E7 /* Build configuration list for PBXProject "TodoListApp" */;
			compatibilityVersion = "Xcode 13.0";
			developmentRegion = en;
			hasScannedForEncodings = 0;
			knownRegions = (
				en,
				Base,
			);
			mainGroup = 688895AB271AE3F5002102E7;
			productRefGroup = 688895B5271AE3F5002102E7 /* Products */;
			projectDirPath = "";
			projectRoot = "";
			targets = (
				688895B3271AE3F5002102E7 /* TodoListApp */,
			);
		};
/* End PBXProject section */

/* Begin PBXResourcesBuildPhase section */
		688895B2271AE3F5002102E7 /* Resources */ = {
			isa = PBXResourcesBuildPhase;
			buildActionMask = 2147483647;
			files = (
				688895C4271AE3F6002102E7 /* LaunchScreen.storyboard in Resources */,
				688895E82725390A002102E7 /* ToDoTableViewCell.xib in Resources */,
				68A45FB62726E78900FF755A /* SignUp.storyboard in Resources */,
				688895DA271C9B18002102E7 /* TableViewCell.xib in Resources */,
				688895C1271AE3F6002102E7 /* Assets.xcassets in Resources */,
				68A45FBF27290EB300FF755A /* UserList.storyboard in Resources */,
				688895BF271AE3F5002102E7 /* Main.storyboard in Resources */,
				68A45FBA272707C900FF755A /* GoogleService-Info.plist in Resources */,
				68A45FC9272B624600FF755A /* ChatInputAccessoryView.xib in Resources */,
				68A45FC5272B548D00FF755A /* chatRoomStory.storyboard in Resources */,
			);
			runOnlyForDeploymentPostprocessing = 0;
		};
/* End PBXResourcesBuildPhase section */

/* Begin PBXShellScriptBuildPhase section */
		296C1D5E8BDAB5852C639913 /* [CP] Embed Pods Frameworks */ = {
			isa = PBXShellScriptBuildPhase;
			buildActionMask = 2147483647;
			files = (
			);
			inputFileListPaths = (
				"${PODS_ROOT}/Target Support Files/Pods-TodoListApp/Pods-TodoListApp-frameworks-${CONFIGURATION}-input-files.xcfilelist",
			);
			name = "[CP] Embed Pods Frameworks";
			outputFileListPaths = (
				"${PODS_ROOT}/Target Support Files/Pods-TodoListApp/Pods-TodoListApp-frameworks-${CONFIGURATION}-output-files.xcfilelist",
			);
			runOnlyForDeploymentPostprocessing = 0;
			shellPath = /bin/sh;
			shellScript = "\"${PODS_ROOT}/Target Support Files/Pods-TodoListApp/Pods-TodoListApp-frameworks.sh\"\n";
			showEnvVarsInLog = 0;
		};
		F11A2C2AC3E380EF2A92E281 /* [CP] Check Pods Manifest.lock */ = {
			isa = PBXShellScriptBuildPhase;
			buildActionMask = 2147483647;
			files = (
			);
			inputFileListPaths = (
			);
			inputPaths = (
				"${PODS_PODFILE_DIR_PATH}/Podfile.lock",
				"${PODS_ROOT}/Manifest.lock",
			);
			name = "[CP] Check Pods Manifest.lock";
			outputFileListPaths = (
			);
			outputPaths = (
				"$(DERIVED_FILE_DIR)/Pods-TodoListApp-checkManifestLockResult.txt",
			);
			runOnlyForDeploymentPostprocessing = 0;
			shellPath = /bin/sh;
			shellScript = "diff \"${PODS_PODFILE_DIR_PATH}/Podfile.lock\" \"${PODS_ROOT}/Manifest.lock\" > /dev/null\nif [ $? != 0 ] ; then\n    # print error to STDERR\n    echo \"error: The sandbox is not in sync with the Podfile.lock. Run 'pod install' or update your CocoaPods installation.\" >&2\n    exit 1\nfi\n# This output is used by Xcode 'outputs' to avoid re-running this script phase.\necho \"SUCCESS\" > \"${SCRIPT_OUTPUT_FILE_0}\"\n";
			showEnvVarsInLog = 0;
		};
/* End PBXShellScriptBuildPhase section */

/* Begin PBXSourcesBuildPhase section */
		688895B0271AE3F5002102E7 /* Sources */ = {
			isa = PBXSourcesBuildPhase;
			buildActionMask = 2147483647;
			files = (
				68A45FBD272864CB00FF755A /* User.swift in Sources */,
				688895BC271AE3F5002102E7 /* ViewController.swift in Sources */,
				688895CC271B21D3002102E7 /* TaskViewController.swift in Sources */,
				68A45FCF272CB01600FF755A /* Message.swift in Sources */,
				68A45FC32729F4CB00FF755A /* ChatRoom.swift in Sources */,
				688895E22724FFC8002102E7 /* TodoData.swift in Sources */,
				688895E4272527BC002102E7 /* TableViewController.swift in Sources */,
				688895DE271EF38D002102E7 /* UIcolor.swift in Sources */,
				688895B8271AE3F5002102E7 /* AppDelegate.swift in Sources */,
				68A45FC1272910C000FF755A /* UserListViewController.swift in Sources */,
				68A45FB82726EBF700FF755A /* SignUpViewController.swift in Sources */,
				688895E72725390A002102E7 /* ToDoTableViewCell.swift in Sources */,
				68A45FC7272B54A700FF755A /* ChatRoomStoryViewController.swift in Sources */,
				688895D9271C9B18002102E7 /* TableViewCell.swift in Sources */,
				688895DC271DA173002102E7 /* SettingViewController.swift in Sources */,
				688895BA271AE3F5002102E7 /* SceneDelegate.swift in Sources */,
				688895E02723F924002102E7 /* UIimageExtension.swift in Sources */,
				68A45FCC272B64A000FF755A /* ChatInputAccessoryView.swift in Sources */,
			);
			runOnlyForDeploymentPostprocessing = 0;
		};
/* End PBXSourcesBuildPhase section */

/* Begin PBXVariantGroup section */
		688895BD271AE3F5002102E7 /* Main.storyboard */ = {
			isa = PBXVariantGroup;
			children = (
				688895BE271AE3F5002102E7 /* Base */,
			);
			name = Main.storyboard;
			sourceTree = "<group>";
		};
		688895C2271AE3F6002102E7 /* LaunchScreen.storyboard */ = {
			isa = PBXVariantGroup;
			children = (
				688895C3271AE3F6002102E7 /* Base */,
			);
			name = LaunchScreen.storyboard;
			sourceTree = "<group>";
		};
/* End PBXVariantGroup section */

/* Begin XCBuildConfiguration section */
		688895C6271AE3F6002102E7 /* Debug */ = {
			isa = XCBuildConfiguration;
			buildSettings = {
				ALWAYS_SEARCH_USER_PATHS = NO;
				CLANG_ANALYZER_NONNULL = YES;
				CLANG_ANALYZER_NUMBER_OBJECT_CONVERSION = YES_AGGRESSIVE;
				CLANG_CXX_LANGUAGE_STANDARD = "gnu++17";
				CLANG_CXX_LIBRARY = "libc++";
				CLANG_ENABLE_MODULES = YES;
				CLANG_ENABLE_OBJC_ARC = YES;
				CLANG_ENABLE_OBJC_WEAK = YES;
				CLANG_WARN_BLOCK_CAPTURE_AUTORELEASING = YES;
				CLANG_WARN_BOOL_CONVERSION = YES;
				CLANG_WARN_COMMA = YES;
				CLANG_WARN_CONSTANT_CONVERSION = YES;
				CLANG_WARN_DEPRECATED_OBJC_IMPLEMENTATIONS = YES;
				CLANG_WARN_DIRECT_OBJC_ISA_USAGE = YES_ERROR;
				CLANG_WARN_DOCUMENTATION_COMMENTS = YES;
				CLANG_WARN_EMPTY_BODY = YES;
				CLANG_WARN_ENUM_CONVERSION = YES;
				CLANG_WARN_INFINITE_RECURSION = YES;
				CLANG_WARN_INT_CONVERSION = YES;
				CLANG_WARN_NON_LITERAL_NULL_CONVERSION = YES;
				CLANG_WARN_OBJC_IMPLICIT_RETAIN_SELF = YES;
				CLANG_WARN_OBJC_LITERAL_CONVERSION = YES;
				CLANG_WARN_OBJC_ROOT_CLASS = YES_ERROR;
				CLANG_WARN_QUOTED_INCLUDE_IN_FRAMEWORK_HEADER = YES;
				CLANG_WARN_RANGE_LOOP_ANALYSIS = YES;
				CLANG_WARN_STRICT_PROTOTYPES = YES;
				CLANG_WARN_SUSPICIOUS_MOVE = YES;
				CLANG_WARN_UNGUARDED_AVAILABILITY = YES_AGGRESSIVE;
				CLANG_WARN_UNREACHABLE_CODE = YES;
				CLANG_WARN__DUPLICATE_METHOD_MATCH = YES;
				COPY_PHASE_STRIP = NO;
				DEBUG_INFORMATION_FORMAT = dwarf;
				ENABLE_STRICT_OBJC_MSGSEND = YES;
				ENABLE_TESTABILITY = YES;
				GCC_C_LANGUAGE_STANDARD = gnu11;
				GCC_DYNAMIC_NO_PIC = NO;
				GCC_NO_COMMON_BLOCKS = YES;
				GCC_OPTIMIZATION_LEVEL = 0;
				GCC_PREPROCESSOR_DEFINITIONS = (
					"DEBUG=1",
					"$(inherited)",
				);
				GCC_WARN_64_TO_32_BIT_CONVERSION = YES;
				GCC_WARN_ABOUT_RETURN_TYPE = YES_ERROR;
				GCC_WARN_UNDECLARED_SELECTOR = YES;
				GCC_WARN_UNINITIALIZED_AUTOS = YES_AGGRESSIVE;
				GCC_WARN_UNUSED_FUNCTION = YES;
				GCC_WARN_UNUSED_VARIABLE = YES;
				IPHONEOS_DEPLOYMENT_TARGET = 15.0;
				MTL_ENABLE_DEBUG_INFO = INCLUDE_SOURCE;
				MTL_FAST_MATH = YES;
				ONLY_ACTIVE_ARCH = YES;
				SDKROOT = iphoneos;
				SWIFT_ACTIVE_COMPILATION_CONDITIONS = DEBUG;
				SWIFT_OPTIMIZATION_LEVEL = "-Onone";
			};
			name = Debug;
		};
		688895C7271AE3F6002102E7 /* Release */ = {
			isa = XCBuildConfiguration;
			buildSettings = {
				ALWAYS_SEARCH_USER_PATHS = NO;
				CLANG_ANALYZER_NONNULL = YES;
				CLANG_ANALYZER_NUMBER_OBJECT_CONVERSION = YES_AGGRESSIVE;
				CLANG_CXX_LANGUAGE_STANDARD = "gnu++17";
				CLANG_CXX_LIBRARY = "libc++";
				CLANG_ENABLE_MODULES = YES;
				CLANG_ENABLE_OBJC_ARC = YES;
				CLANG_ENABLE_OBJC_WEAK = YES;
				CLANG_WARN_BLOCK_CAPTURE_AUTORELEASING = YES;
				CLANG_WARN_BOOL_CONVERSION = YES;
				CLANG_WARN_COMMA = YES;
				CLANG_WARN_CONSTANT_CONVERSION = YES;
				CLANG_WARN_DEPRECATED_OBJC_IMPLEMENTATIONS = YES;
				CLANG_WARN_DIRECT_OBJC_ISA_USAGE = YES_ERROR;
				CLANG_WARN_DOCUMENTATION_COMMENTS = YES;
				CLANG_WARN_EMPTY_BODY = YES;
				CLANG_WARN_ENUM_CONVERSION = YES;
				CLANG_WARN_INFINITE_RECURSION = YES;
				CLANG_WARN_INT_CONVERSION = YES;
				CLANG_WARN_NON_LITERAL_NULL_CONVERSION = YES;
				CLANG_WARN_OBJC_IMPLICIT_RETAIN_SELF = YES;
				CLANG_WARN_OBJC_LITERAL_CONVERSION = YES;
				CLANG_WARN_OBJC_ROOT_CLASS = YES_ERROR;
				CLANG_WARN_QUOTED_INCLUDE_IN_FRAMEWORK_HEADER = YES;
				CLANG_WARN_RANGE_LOOP_ANALYSIS = YES;
				CLANG_WARN_STRICT_PROTOTYPES = YES;
				CLANG_WARN_SUSPICIOUS_MOVE = YES;
				CLANG_WARN_UNGUARDED_AVAILABILITY = YES_AGGRESSIVE;
				CLANG_WARN_UNREACHABLE_CODE = YES;
				CLANG_WARN__DUPLICATE_METHOD_MATCH = YES;
				COPY_PHASE_STRIP = NO;
				DEBUG_INFORMATION_FORMAT = "dwarf-with-dsym";
				ENABLE_NS_ASSERTIONS = NO;
				ENABLE_STRICT_OBJC_MSGSEND = YES;
				GCC_C_LANGUAGE_STANDARD = gnu11;
				GCC_NO_COMMON_BLOCKS = YES;
				GCC_WARN_64_TO_32_BIT_CONVERSION = YES;
				GCC_WARN_ABOUT_RETURN_TYPE = YES_ERROR;
				GCC_WARN_UNDECLARED_SELECTOR = YES;
				GCC_WARN_UNINITIALIZED_AUTOS = YES_AGGRESSIVE;
				GCC_WARN_UNUSED_FUNCTION = YES;
				GCC_WARN_UNUSED_VARIABLE = YES;
				IPHONEOS_DEPLOYMENT_TARGET = 15.0;
				MTL_ENABLE_DEBUG_INFO = NO;
				MTL_FAST_MATH = YES;
				SDKROOT = iphoneos;
				SWIFT_COMPILATION_MODE = wholemodule;
				SWIFT_OPTIMIZATION_LEVEL = "-O";
				VALIDATE_PRODUCT = YES;
			};
			name = Release;
		};
		688895C9271AE3F6002102E7 /* Debug */ = {
			isa = XCBuildConfiguration;
			baseConfigurationReference = 27815B50013CCBAD6DCDC6FA /* Pods-TodoListApp.debug.xcconfig */;
			buildSettings = {
				ASSETCATALOG_COMPILER_APPICON_NAME = AppIcon;
				ASSETCATALOG_COMPILER_GLOBAL_ACCENT_COLOR_NAME = AccentColor;
				CODE_SIGN_STYLE = Automatic;
				CURRENT_PROJECT_VERSION = 1;
				DEVELOPMENT_TEAM = 2FZRK6M67D;
				GENERATE_INFOPLIST_FILE = YES;
				INFOPLIST_FILE = TodoListApp/Info.plist;
				INFOPLIST_KEY_NSCameraUsageDescription = "カメラにアクセスします";
				INFOPLIST_KEY_NSPhotoLibraryUsageDescription = "フォトライブラリーにアクセスします";
				INFOPLIST_KEY_UIApplicationSupportsIndirectInputEvents = YES;
				INFOPLIST_KEY_UILaunchStoryboardName = LaunchScreen;
				INFOPLIST_KEY_UIMainStoryboardFile = Main;
				INFOPLIST_KEY_UISupportedInterfaceOrientations = "";
				INFOPLIST_KEY_UISupportedInterfaceOrientations_iPad = "UIInterfaceOrientationPortrait UIInterfaceOrientationPortraitUpsideDown UIInterfaceOrientationLandscapeLeft UIInterfaceOrientationLandscapeRight";
				INFOPLIST_KEY_UISupportedInterfaceOrientations_iPhone = "UIInterfaceOrientationPortrait UIInterfaceOrientationLandscapeLeft UIInterfaceOrientationLandscapeRight";
				LD_RUNPATH_SEARCH_PATHS = (
					"$(inherited)",
					"@executable_path/Frameworks",
				);
				MARKETING_VERSION = 1.0;
				PRODUCT_BUNDLE_IDENTIFIER = jp.softbank.i.tktaaa1124.TodoListApp;
				PRODUCT_NAME = "$(TARGET_NAME)";
				SWIFT_EMIT_LOC_STRINGS = YES;
				SWIFT_VERSION = 5.0;
				TARGETED_DEVICE_FAMILY = "1,2";
			};
			name = Debug;
		};
		688895CA271AE3F6002102E7 /* Release */ = {
			isa = XCBuildConfiguration;
			baseConfigurationReference = 436C40CDBFC94E7C8FF086D5 /* Pods-TodoListApp.release.xcconfig */;
			buildSettings = {
				ASSETCATALOG_COMPILER_APPICON_NAME = AppIcon;
				ASSETCATALOG_COMPILER_GLOBAL_ACCENT_COLOR_NAME = AccentColor;
				CODE_SIGN_STYLE = Automatic;
				CURRENT_PROJECT_VERSION = 1;
				DEVELOPMENT_TEAM = 2FZRK6M67D;
				GENERATE_INFOPLIST_FILE = YES;
				INFOPLIST_FILE = TodoListApp/Info.plist;
				INFOPLIST_KEY_NSCameraUsageDescription = "カメラにアクセスします";
				INFOPLIST_KEY_NSPhotoLibraryUsageDescription = "フォトライブラリーにアクセスします";
				INFOPLIST_KEY_UIApplicationSupportsIndirectInputEvents = YES;
				INFOPLIST_KEY_UILaunchStoryboardName = LaunchScreen;
				INFOPLIST_KEY_UIMainStoryboardFile = Main;
				INFOPLIST_KEY_UISupportedInterfaceOrientations = "";
				INFOPLIST_KEY_UISupportedInterfaceOrientations_iPad = "UIInterfaceOrientationPortrait UIInterfaceOrientationPortraitUpsideDown UIInterfaceOrientationLandscapeLeft UIInterfaceOrientationLandscapeRight";
				INFOPLIST_KEY_UISupportedInterfaceOrientations_iPhone = "UIInterfaceOrientationPortrait UIInterfaceOrientationLandscapeLeft UIInterfaceOrientationLandscapeRight";
				LD_RUNPATH_SEARCH_PATHS = (
					"$(inherited)",
					"@executable_path/Frameworks",
				);
				MARKETING_VERSION = 1.0;
				PRODUCT_BUNDLE_IDENTIFIER = jp.softbank.i.tktaaa1124.TodoListApp;
				PRODUCT_NAME = "$(TARGET_NAME)";
				SWIFT_EMIT_LOC_STRINGS = YES;
				SWIFT_VERSION = 5.0;
				TARGETED_DEVICE_FAMILY = "1,2";
			};
			name = Release;
		};
/* End XCBuildConfiguration section */

/* Begin XCConfigurationList section */
		688895AF271AE3F5002102E7 /* Build configuration list for PBXProject "TodoListApp" */ = {
			isa = XCConfigurationList;
			buildConfigurations = (
				688895C6271AE3F6002102E7 /* Debug */,
				688895C7271AE3F6002102E7 /* Release */,
			);
			defaultConfigurationIsVisible = 0;
			defaultConfigurationName = Release;
		};
		688895C8271AE3F6002102E7 /* Build configuration list for PBXNativeTarget "TodoListApp" */ = {
			isa = XCConfigurationList;
			buildConfigurations = (
				688895C9271AE3F6002102E7 /* Debug */,
				688895CA271AE3F6002102E7 /* Release */,
			);
			defaultConfigurationIsVisible = 0;
			defaultConfigurationName = Release;
		};
/* End XCConfigurationList section */
	};
	rootObject = 688895AC271AE3F5002102E7 /* Project object */;
}
